
Microsoft Visual Studio Solution File, Format Version 12.00
# Visual Studio 15
VisualStudioVersion = 15.0.27130.2036
MinimumVisualStudioVersion = 10.0.40219.1
Project("{FAE04EC0-301F-11D3-BF4B-00C04F79EFBC}") = "UnitTest", "UnitTest.csproj", "{92D653BE-94FF-4CD9-B88D-F61899C91525}"
EndProject
Project("{FAE04EC0-301F-11D3-BF4B-00C04F79EFBC}") = "Util", "..\Util\Util.csproj", "{ED36A38E-94BA-481F-A0E7-C823BDA9C059}"
EndProject
Global
	GlobalSection(SolutionConfigurationPlatforms) = preSolution
		Debug|Any CPU = Debug|Any CPU
		Release|Any CPU = Release|Any CPU
	EndGlobalSection
	GlobalSection(ProjectConfigurationPlatforms) = postSolution
		{92D653BE-94FF-4CD9-B88D-F61899C91525}.Debug|Any CPU.ActiveCfg = Debug|Any CPU
		{92D653BE-94FF-4CD9-B88D-F61899C91525}.Debug|Any CPU.Build.0 = Debug|Any CPU
		{92D653BE-94FF-4CD9-B88D-F61899C91525}.Release|Any CPU.ActiveCfg = Release|Any CPU
		{92D653BE-94FF-4CD9-B88D-F61899C91525}.Release|Any CPU.Build.0 = Release|Any CPU
		{ED36A38E-94BA-481F-A0E7-C823BDA9C059}.Debug|Any CPU.ActiveCfg = Debug|Any CPU
		{ED36A38E-94BA-481F-A0E7-C823BDA9C059}.Debug|Any CPU.Build.0 = Debug|Any CPU
		{ED36A38E-94BA-481F-A0E7-C823BDA9C059}.Release|Any CPU.ActiveCfg = Release|Any CPU
		{ED36A38E-94BA-481F-A0E7-C823BDA9C059}.Release|Any CPU.Build.0 = Release|Any CPU
	EndGlobalSection
	GlobalSection(SolutionProperties) = preSolution
		HideSolutionNode = FALSE
	EndGlobalSection
	GlobalSection(ExtensibilityGlobals) = postSolution
		SolutionGuid = {95DDAAD7-C068-4189-833C-D4B1AAA07530}
	EndGlobalSection
EndGlobal
